
Microsoft Visual Studio Solution File, Format Version 12.00
# Visual Studio Version 16
VisualStudioVersion = 16.0.29418.71
MinimumVisualStudioVersion = 10.0.40219.1
Project("{FAE04EC0-301F-11D3-BF4B-00C04F79EFBC}") = "W1_Q1", "W1_Q1\W1_Q1.csproj", "{9BD1F743-6DB0-44C3-B41D-B06A84CC8E2C}"
EndProject
Global
	GlobalSection(SolutionConfigurationPlatforms) = preSolution
		Debug|Any CPU = Debug|Any CPU
		Release|Any CPU = Release|Any CPU
	EndGlobalSection
	GlobalSection(ProjectConfigurationPlatforms) = postSolution
		{9BD1F743-6DB0-44C3-B41D-B06A84CC8E2C}.Debug|Any CPU.ActiveCfg = Debug|Any CPU
		{9BD1F743-6DB0-44C3-B41D-B06A84CC8E2C}.Debug|Any CPU.Build.0 = Debug|Any CPU
		{9BD1F743-6DB0-44C3-B41D-B06A84CC8E2C}.Release|Any CPU.ActiveCfg = Release|Any CPU
		{9BD1F743-6DB0-44C3-B41D-B06A84CC8E2C}.Release|Any CPU.Build.0 = Release|Any CPU
	EndGlobalSection
	GlobalSection(SolutionProperties) = preSolution
		HideSolutionNode = FALSE
	EndGlobalSection
	GlobalSection(ExtensibilityGlobals) = postSolution
		SolutionGuid = {6A5D0A4D-6B15-4801-9019-A634041FFDA2}
	EndGlobalSection
EndGlobal
